
Microsoft Visual Studio Solution File, Format Version 12.00
# Visual Studio 15
Project("{FAE04EC0-301F-11D3-BF4B-00C04F79EFBC}") = "MyVote", "MyVote.csproj", "{5823F00E-8E6C-4984-9255-71A5620D71C9}"
EndProject
Global
	GlobalSection(SolutionConfigurationPlatforms) = preSolution
		Debug|Any CPU = Debug|Any CPU
		Release|Any CPU = Release|Any CPU
	EndGlobalSection
	GlobalSection(ProjectConfigurationPlatforms) = postSolution
		{5823F00E-8E6C-4984-9255-71A5620D71C9}.Debug|Any CPU.ActiveCfg = Debug|Any CPU
		{5823F00E-8E6C-4984-9255-71A5620D71C9}.Debug|Any CPU.Build.0 = Debug|Any CPU
		{5823F00E-8E6C-4984-9255-71A5620D71C9}.Release|Any CPU.ActiveCfg = Release|Any CPU
		{5823F00E-8E6C-4984-9255-71A5620D71C9}.Release|Any CPU.Build.0 = Release|Any CPU
	EndGlobalSection
EndGlobal
